<?xml version="1.0" encoding="utf-8"?>
<Project ToolsVersion="4.0" xmlns="http://schemas.microsoft.com/developer/msbuild/2003">
  <ItemGroup>
    <Filter Include="源文件">
      <UniqueIdentifier>{4FC737F1-C7A5-4376-A066-2A32D752A2FF}</UniqueIdentifier>
      <Extensions>cpp;c;cc;cxx;def;odl;idl;hpj;bat;asm;asmx</Extensions>
    </Filter>
    <Filter Include="头文件">
      <UniqueIdentifier>{93995380-89BD-4b04-88EB-625FBE52EBFB}</UniqueIdentifier>
      <Extensions>h;hpp;hxx;hm;inl;inc;xsd</Extensions>
    </Filter>
    <Filter Include="资源文件">
      <UniqueIdentifier>{67DA6AB6-F800-4c08-8B7A-83BB121AAD01}</UniqueIdentifier>
      <Extensions>rc;ico;cur;bmp;dlg;rc2;rct;bin;rgs;gif;jpg;jpeg;jpe;resx;tiff;tif;png;wav;mfcribbon-ms</Extensions>
    </Filter>
    <Filter Include="Common">
      <UniqueIdentifier>{a586c971-6b67-4f0d-a11a-ff8bb03b67ca}</UniqueIdentifier>
    </Filter>
  </ItemGroup>
  <ItemGroup>
    <ClInclude Include="OcciWrapper.h">
      <Filter>Common</Filter>
    </ClInclude>
    <ClInclude Include="Type.h">
      <Filter>Common</Filter>
    </ClInclude>
    <ClInclude Include="Common.h">
      <Filter>Common</Filter>
    </ClInclude>
    <ClInclude Include="include\occiwrapper\AbstractBinder.h">
      <Filter>头文件</Filter>
    </ClInclude>
    <ClInclude Include="include\occiwrapper\AbstractBinding.h">
      <Filter>头文件</Filter>
    </ClInclude>
    <ClInclude Include="include\occiwrapper\AbstractExtraction.h">
      <Filter>头文件</Filter>
    </ClInclude>
    <ClInclude Include="include\occiwrapper\AbstractExtractor.h">
      <Filter>头文件</Filter>
    </ClInclude>
    <ClInclude Include="include\occiwrapper\Binder.h">
      <Filter>头文件</Filter>
    </ClInclude>
    <ClInclude Include="include\occiwrapper\Binding.h">
      <Filter>头文件</Filter>
    </ClInclude>
    <ClInclude Include="include\occiwrapper\Common.h">
      <Filter>头文件</Filter>
    </ClInclude>
    <ClInclude Include="include\occiwrapper\Connection.h">
      <Filter>头文件</Filter>
    </ClInclude>
    <ClInclude Include="include\occiwrapper\ConnectionInfo.h">
      <Filter>头文件</Filter>
    </ClInclude>
    <ClInclude Include="include\occiwrapper\ConnectionPool.h">
      <Filter>头文件</Filter>
    </ClInclude>
    <ClInclude Include="include\occiwrapper\Environment.h">
      <Filter>头文件</Filter>
    </ClInclude>
    <ClInclude Include="include\occiwrapper\Exception.h">
      <Filter>头文件</Filter>
    </ClInclude>
    <ClInclude Include="include\occiwrapper\Extraction.h">
      <Filter>头文件</Filter>
    </ClInclude>
    <ClInclude Include="include\occiwrapper\Extractor.h">
      <Filter>头文件</Filter>
    </ClInclude>
    <ClInclude Include="include\occiwrapper\Limit.h">
      <Filter>头文件</Filter>
    </ClInclude>
    <ClInclude Include="include\occiwrapper\OcciWrapper.h">
      <Filter>头文件</Filter>
    </ClInclude>
    <ClInclude Include="include\occiwrapper\Session.h">
      <Filter>头文件</Filter>
    </ClInclude>
    <ClInclude Include="include\occiwrapper\SessionFactory.h">
      <Filter>头文件</Filter>
    </ClInclude>
    <ClInclude Include="include\occiwrapper\Statement.h">
      <Filter>头文件</Filter>
    </ClInclude>
    <ClInclude Include="include\occiwrapper\StatementImpl.h">
      <Filter>头文件</Filter>
    </ClInclude>
    <ClInclude Include="include\occiwrapper\Type.h">
      <Filter>头文件</Filter>
    </ClInclude>
    <ClInclude Include="include\occiwrapper\TypeHandler.h">
      <Filter>头文件</Filter>
    </ClInclude>
  </ItemGroup>
  <ItemGroup>
    <ClCompile Include="AbstractBinder.cpp">
      <Filter>源文件</Filter>
    </ClCompile>
    <ClCompile Include="AbstractBinding.cpp">
      <Filter>源文件</Filter>
    </ClCompile>
    <ClCompile Include="AbstractExtraction.cpp">
      <Filter>源文件</Filter>
    </ClCompile>
    <ClCompile Include="Binder.cpp">
      <Filter>源文件</Filter>
    </ClCompile>
    <ClCompile Include="Common.cpp">
      <Filter>源文件</Filter>
    </ClCompile>
    <ClCompile Include="Connection.cpp">
      <Filter>源文件</Filter>
    </ClCompile>
    <ClCompile Include="ConnectionInfo.cpp">
      <Filter>源文件</Filter>
    </ClCompile>
    <ClCompile Include="ConnectionPool.cpp">
      <Filter>源文件</Filter>
    </ClCompile>
    <ClCompile Include="Environment.cpp">
      <Filter>源文件</Filter>
    </ClCompile>
    <ClCompile Include="Extractor.cpp">
      <Filter>源文件</Filter>
    </ClCompile>
    <ClCompile Include="Limit.cpp">
      <Filter>源文件</Filter>
    </ClCompile>
    <ClCompile Include="Session.cpp">
      <Filter>源文件</Filter>
    </ClCompile>
    <ClCompile Include="SessionFactory.cpp">
      <Filter>源文件</Filter>
    </ClCompile>
    <ClCompile Include="Statement.cpp">
      <Filter>源文件</Filter>
    </ClCompile>
    <ClCompile Include="StatementImpl.cpp">
      <Filter>源文件</Filter>
    </ClCompile>
  </ItemGroup>
  <ItemGroup>
    <None Include="AUTHORS">
      <Filter>资源文件</Filter>
    </None>
    <None Include="ChangeLog">
      <Filter>资源文件</Filter>
    </None>
  </ItemGroup>
</Project>